version = 1
revision = 3
requires-python = ">=3.12"

[[package]]
name = "grpcio"
version = "1.80.0"
source = { registry = "https://pypi.org/simple" }
dependencies = [
    { name = "typing-extensions" },
]
sdist = { url = "https://files.pythonhosted.org/packages/b7/48/af6173dbca4454f4637a4678b67f52ca7e0c1ed7d5894d89d434fecede05/grpcio-1.80.0.tar.gz", hash = "sha256:29aca15edd0688c22ba01d7cc01cb000d72b2033f4a3c72a81a19b56fd143257", size = 12978905, upload-time = "2026-03-30T08:49:10.502Z" }
wheels = [
    { url = "https://files.pythonhosted.org/packages/5c/e8/a2b749265eb3415abc94f2e619bbd9e9707bebdda787e61c593004ec927a/grpcio-1.80.0-cp312-cp312-linux_armv7l.whl", hash = "sha256:c624cc9f1008361014378c9d776de7182b11fe8b2e5a81bc69f23a295f2a1ad0", size = 6015616, upload-time = "2026-03-30T08:47:13.428Z" },
    { url = "https://files.pythonhosted.org/packages/3e/97/b1282161a15d699d1e90c360df18d19165a045ce1c343c7f313f5e8a0b77/grpcio-1.80.0-cp312-cp312-macosx_11_0_universal2.whl", hash = "sha256:f49eddcac43c3bf350c0385366a58f36bed8cc2c0ec35ef7b74b49e56552c0c2", size = 12014204, upload-time = "2026-03-30T08:47:15.873Z" },
    { url = "https://files.pythonhosted.org/packages/6e/5e/d319c6e997b50c155ac5a8cb12f5173d5b42677510e886d250d50264949d/grpcio-1.80.0-cp312-cp312-manylinux2014_aarch64.manylinux_2_17_aarch64.whl", hash = "sha256:d334591df610ab94714048e0d5b4f3dd5ad1bee74dfec11eee344220077a79de", size = 6563866, upload-time = "2026-03-30T08:47:18.588Z" },
    { url = "https://files.pythonhosted.org/packages/ae/f6/fdd975a2cb4d78eb67769a7b3b3830970bfa2e919f1decf724ae4445f42c/grpcio-1.80.0-cp312-cp312-manylinux2014_i686.manylinux_2_17_i686.whl", hash = "sha256:0cb517eb1d0d0aaf1d87af7cc5b801d686557c1d88b2619f5e31fab3c2315921", size = 7273060, upload-time = "2026-03-30T08:47:21.113Z" },
    { url = "https://files.pythonhosted.org/packages/db/f0/a3deb5feba60d9538a962913e37bd2e69a195f1c3376a3dd44fe0427e996/grpcio-1.80.0-cp312-cp312-manylinux2014_x86_64.manylinux_2_17_x86_64.whl", hash = "sha256:4e78c4ac0d97dc2e569b2f4bcbbb447491167cb358d1a389fc4af71ab6f70411", size = 6782121, upload-time = "2026-03-30T08:47:23.827Z" },
    { url = "https://files.pythonhosted.org/packages/ca/84/36c6dcfddc093e108141f757c407902a05085e0c328007cb090d56646cdf/grpcio-1.80.0-cp312-cp312-musllinux_1_2_aarch64.whl", hash = "sha256:2ed770b4c06984f3b47eb0517b1c69ad0b84ef3f40128f51448433be904634cd", size = 7383811, upload-time = "2026-03-30T08:47:26.517Z" },
    { url = "https://files.pythonhosted.org/packages/7c/ef/f3a77e3dc5b471a0ec86c564c98d6adfa3510d38f8ee99010410858d591e/grpcio-1.80.0-cp312-cp312-musllinux_1_2_i686.whl", hash = "sha256:256507e2f524092f1473071a05e65a5b10d84b82e3ff24c5b571513cfaa61e2f", size = 8393860, upload-time = "2026-03-30T08:47:29.439Z" },
    { url = "https://files.pythonhosted.org/packages/9b/8d/9d4d27ed7f33d109c50d6b5ce578a9914aa68edab75d65869a17e630a8d1/grpcio-1.80.0-cp312-cp312-musllinux_1_2_x86_64.whl", hash = "sha256:9a6284a5d907c37db53350645567c522be314bac859a64a7a5ca63b77bb7958f", size = 7830132, upload-time = "2026-03-30T08:47:33.254Z" },
    { url = "https://files.pythonhosted.org/packages/14/e4/9990b41c6d7a44e1e9dee8ac11d7a9802ba1378b40d77468a7761d1ad288/grpcio-1.80.0-cp312-cp312-win32.whl", hash = "sha256:c71309cfce2f22be26aa4a847357c502db6c621f1a49825ae98aa0907595b193", size = 4140904, upload-time = "2026-03-30T08:47:35.319Z" },
    { url = "https://files.pythonhosted.org/packages/2f/2c/296f6138caca1f4b92a31ace4ae1b87dab692fc16a7a3417af3bb3c805bf/grpcio-1.80.0-cp312-cp312-win_amd64.whl", hash = "sha256:9fe648599c0e37594c4809d81a9e77bd138cc82eb8baa71b6a86af65426723ff", size = 4880944, upload-time = "2026-03-30T08:47:37.831Z" },
    { url = "https://files.pythonhosted.org/packages/2f/3a/7c3c25789e3f069e581dc342e03613c5b1cb012c4e8c7d9d5cf960a75856/grpcio-1.80.0-cp313-cp313-linux_armv7l.whl", hash = "sha256:e9e408fc016dffd20661f0126c53d8a31c2821b5c13c5d67a0f5ed5de93319ad", size = 6017243, upload-time = "2026-03-30T08:47:40.075Z" },
    { url = "https://files.pythonhosted.org/packages/04/19/21a9806eb8240e174fd1ab0cd5b9aa948bb0e05c2f2f55f9d5d7405e6d08/grpcio-1.80.0-cp313-cp313-macosx_11_0_universal2.whl", hash = "sha256:92d787312e613754d4d8b9ca6d3297e69994a7912a32fa38c4c4e01c272974b0", size = 12010840, upload-time = "2026-03-30T08:47:43.11Z" },
    { url = "https://files.pythonhosted.org/packages/18/3a/23347d35f76f639e807fb7a36fad3068aed100996849a33809591f26eca6/grpcio-1.80.0-cp313-cp313-manylinux2014_aarch64.manylinux_2_17_aarch64.whl", hash = "sha256:8ac393b58aa16991a2f1144ec578084d544038c12242da3a215966b512904d0f", size = 6567644, upload-time = "2026-03-30T08:47:46.806Z" },
    { url = "https://files.pythonhosted.org/packages/ff/40/96e07ecb604a6a67ae6ab151e3e35b132875d98bc68ec65f3e5ab3e781d7/grpcio-1.80.0-cp313-cp313-manylinux2014_i686.manylinux_2_17_i686.whl", hash = "sha256:68e5851ac4b9afe07e7f84483803ad167852570d65326b34d54ca560bfa53fb6", size = 7277830, upload-time = "2026-03-30T08:47:49.643Z" },
    { url = "https://files.pythonhosted.org/packages/9b/e2/da1506ecea1f34a5e365964644b35edef53803052b763ca214ba3870c856/grpcio-1.80.0-cp313-cp313-manylinux2014_x86_64.manylinux_2_17_x86_64.whl", hash = "sha256:873ff5d17d68992ef6605330127425d2fc4e77e612fa3c3e0ed4e668685e3140", size = 6783216, upload-time = "2026-03-30T08:47:52.817Z" },
    { url = "https://files.pythonhosted.org/packages/44/83/3b20ff58d0c3b7f6caaa3af9a4174d4023701df40a3f39f7f1c8e7c48f9d/grpcio-1.80.0-cp313-cp313-musllinux_1_2_aarch64.whl", hash = "sha256:2bea16af2750fd0a899bf1abd9022244418b55d1f37da2202249ba4ba673838d", size = 7385866, upload-time = "2026-03-30T08:47:55.687Z" },
    { url = "https://files.pythonhosted.org/packages/47/45/55c507599c5520416de5eefecc927d6a0d7af55e91cfffb2e410607e5744/grpcio-1.80.0-cp313-cp313-musllinux_1_2_i686.whl", hash = "sha256:ba0db34f7e1d803a878284cd70e4c63cb6ae2510ba51937bf8f45ba997cefcf7", size = 8391602, upload-time = "2026-03-30T08:47:58.303Z" },
    { url = "https://files.pythonhosted.org/packages/10/bb/dd06f4c24c01db9cf11341b547d0a016b2c90ed7dbbb086a5710df7dd1d7/grpcio-1.80.0-cp313-cp313-musllinux_1_2_x86_64.whl", hash = "sha256:8eb613f02d34721f1acf3626dfdb3545bd3c8505b0e52bf8b5710a28d02e8aa7", size = 7826752, upload-time = "2026-03-30T08:48:01.311Z" },
    { url = "https://files.pythonhosted.org/packages/f9/1e/9d67992ba23371fd63d4527096eb8c6b76d74d52b500df992a3343fd7251/grpcio-1.80.0-cp313-cp313-win32.whl", hash = "sha256:93b6f823810720912fd131f561f91f5fed0fda372b6b7028a2681b8194d5d294", size = 4142310, upload-time = "2026-03-30T08:48:04.594Z" },
    { url = "https://files.pythonhosted.org/packages/cf/e6/283326a27da9e2c3038bc93eeea36fb118ce0b2d03922a9cda6688f53c5b/grpcio-1.80.0-cp313-cp313-win_amd64.whl", hash = "sha256:e172cf795a3ba5246d3529e4d34c53db70e888fa582a8ffebd2e6e48bc0cba50", size = 4882833, upload-time = "2026-03-30T08:48:07.363Z" },
    { url = "https://files.pythonhosted.org/packages/c5/6d/e65307ce20f5a09244ba9e9d8476e99fb039de7154f37fb85f26978b59c3/grpcio-1.80.0-cp314-cp314-linux_armv7l.whl", hash = "sha256:3d4147a97c8344d065d01bbf8b6acec2cf86fb0400d40696c8bdad34a64ffc0e", size = 6017376, upload-time = "2026-03-30T08:48:10.005Z" },
    { url = "https://files.pythonhosted.org/packages/69/10/9cef5d9650c72625a699c549940f0abb3c4bfdb5ed45a5ce431f92f31806/grpcio-1.80.0-cp314-cp314-macosx_11_0_universal2.whl", hash = "sha256:d8e11f167935b3eb089ac9038e1a063e6d7dbe995c0bb4a661e614583352e76f", size = 12018133, upload-time = "2026-03-30T08:48:12.927Z" },
    { url = "https://files.pythonhosted.org/packages/04/82/983aabaad82ba26113caceeb9091706a0696b25da004fe3defb5b346e15b/grpcio-1.80.0-cp314-cp314-manylinux2014_aarch64.manylinux_2_17_aarch64.whl", hash = "sha256:f14b618fc30de822681ee986cfdcc2d9327229dc4c98aed16896761cacd468b9", size = 6574748, upload-time = "2026-03-30T08:48:16.386Z" },
    { url = "https://files.pythonhosted.org/packages/07/d7/031666ef155aa0bf399ed7e19439656c38bbd143779ae0861b038ce82abd/grpcio-1.80.0-cp314-cp314-manylinux2014_i686.manylinux_2_17_i686.whl", hash = "sha256:4ed39fbdcf9b87370f6e8df4e39ca7b38b3e5e9d1b0013c7b6be9639d6578d14", size = 7277711, upload-time = "2026-03-30T08:48:19.627Z" },
    { url = "https://files.pythonhosted.org/packages/e8/43/f437a78f7f4f1d311804189e8f11fb311a01049b2e08557c1068d470cb2e/grpcio-1.80.0-cp314-cp314-manylinux2014_x86_64.manylinux_2_17_x86_64.whl", hash = "sha256:2dcc70e9f0ba987526e8e8603a610fb4f460e42899e74e7a518bf3c68fe1bf05", size = 6785372, upload-time = "2026-03-30T08:48:22.373Z" },
    { url = "https://files.pythonhosted.org/packages/93/3d/f6558e9c6296cb4227faa5c43c54a34c68d32654b829f53288313d16a86e/grpcio-1.80.0-cp314-cp314-musllinux_1_2_aarch64.whl", hash = "sha256:448c884b668b868562b1bda833c5fce6272d26e1926ec46747cda05741d302c1", size = 7395268, upload-time = "2026-03-30T08:48:25.638Z" },
    { url = "https://files.pythonhosted.org/packages/06/21/0fdd77e84720b08843c371a2efa6f2e19dbebf56adc72df73d891f5506f0/grpcio-1.80.0-cp314-cp314-musllinux_1_2_i686.whl", hash = "sha256:a1dc80fe55685b4a543555e6eef975303b36c8db1023b1599b094b92aa77965f", size = 8392000, upload-time = "2026-03-30T08:48:28.974Z" },
    { url = "https://files.pythonhosted.org/packages/f5/68/67f4947ed55d2e69f2cc199ab9fd85e0a0034d813bbeef84df6d2ba4d4b7/grpcio-1.80.0-cp314-cp314-musllinux_1_2_x86_64.whl", hash = "sha256:31b9ac4ad1aa28ffee5503821fafd09e4da0a261ce1c1281c6c8da0423c83b6e", size = 7828477, upload-time = "2026-03-30T08:48:32.054Z" },
    { url = "https://files.pythonhosted.org/packages/44/b6/8d4096691b2e385e8271911a0de4f35f0a6c7d05aff7098e296c3de86939/grpcio-1.80.0-cp314-cp314-win32.whl", hash = "sha256:367ce30ba67d05e0592470428f0ec1c31714cab9ef19b8f2e37be1f4c7d32fae", size = 4218563, upload-time = "2026-03-30T08:48:34.538Z" },
    { url = "https://files.pythonhosted.org/packages/e5/8c/bbe6baf2557262834f2070cf668515fa308b2d38a4bbf771f8f7872a7036/grpcio-1.80.0-cp314-cp314-win_amd64.whl", hash = "sha256:3b01e1f5464c583d2f567b2e46ff0d516ef979978f72091fd81f5ab7fa6e2e7f", size = 5019457, upload-time = "2026-03-30T08:48:37.308Z" },
]

[[package]]
name = "grpcio-tools"
version = "1.80.0"
source = { registry = "https://pypi.org/simple" }
dependencies = [
    { name = "grpcio" },
    { name = "protobuf" },
    { name = "setuptools" },
]
sdist = { url = "https://files.pythonhosted.org/packages/94/c8/1223f29c84a143ae9a56c084fc96894de0ba84b6e8d60a26241abd81d278/grpcio_tools-1.80.0.tar.gz", hash = "sha256:26052b19c6ce0dcf52d1024496aea3e2bdfa864159f06dc7b97b22d041a94b26", size = 6133212, upload-time = "2026-03-30T08:52:39.077Z" }
wheels = [
    { url = "https://files.pythonhosted.org/packages/0c/b9/65929df8c9614792db900a8e45d4997fadbd1734c827da3f0eb1f2fe4866/grpcio_tools-1.80.0-cp312-cp312-linux_armv7l.whl", hash = "sha256:d19d5a8244311947b96f749c417b32d144641c6953f1164824579e1f0a51d040", size = 2550856, upload-time = "2026-03-30T08:50:57.3Z" },
    { url = "https://files.pythonhosted.org/packages/28/17/af1557544d68d1aeca9d9ea53ed16524022d521fec6ba334ab3530e9c1a6/grpcio_tools-1.80.0-cp312-cp312-macosx_11_0_universal2.whl", hash = "sha256:fb599a3dc89ed1bb24489a2724b2f6dd4cddbbf0f7bdd69c073477bab0dc7554", size = 5710883, upload-time = "2026-03-30T08:51:00.077Z" },
    { url = "https://files.pythonhosted.org/packages/cc/48/aa9b4f7519ca972bc40d315d5c28f05ca28fa08de13d4e8b69f551b798ab/grpcio_tools-1.80.0-cp312-cp312-manylinux2014_aarch64.manylinux_2_17_aarch64.whl", hash = "sha256:623ee31fc2ff7df9a987b4f3d139c30af17ce46a861ae0e25fb8c112daa32dd8", size = 2598004, upload-time = "2026-03-30T08:51:02.102Z" },
    { url = "https://files.pythonhosted.org/packages/b4/b8/b01371c119924b3beca1fe3f047b1bc2cdc66b3d37f0f3acc9d10c567a43/grpcio_tools-1.80.0-cp312-cp312-manylinux2014_i686.manylinux_2_17_i686.whl", hash = "sha256:b46570a68378539ee2b75a5a43202561f8d753c832798b1047099e3c551cf5d6", size = 2909568, upload-time = "2026-03-30T08:51:04.159Z" },
    { url = "https://files.pythonhosted.org/packages/4f/7c/1108f7bdb58475a7e701ec89b55eb494538b6e76acd211ba0d4cc5fd28e8/grpcio_tools-1.80.0-cp312-cp312-manylinux2014_x86_64.manylinux_2_17_x86_64.whl", hash = "sha256:51caf99c28999e7e0f97e9cea190c1405b7681a57bb2e0631205accd92b43fa4", size = 2660938, upload-time = "2026-03-30T08:51:06.126Z" },
    { url = "https://files.pythonhosted.org/packages/67/59/d1c0063d4cd3b85363c7044ff3e5159d6d5df96e2692a9a5312d9c8cb290/grpcio_tools-1.80.0-cp312-cp312-musllinux_1_2_aarch64.whl", hash = "sha256:cdaa1c9aa8d3a87891a96700cadd29beec214711d6522818d207277f6452567c", size = 3113814, upload-time = "2026-03-30T08:51:08.834Z" },
    { url = "https://files.pythonhosted.org/packages/76/21/18d34a4efe524c903cf66b0cfa5260d81f277b6ae668b647edf795df9ce5/grpcio_tools-1.80.0-cp312-cp312-musllinux_1_2_i686.whl", hash = "sha256:3399b5fd7b59bcffd59c6b9975a969d9f37a3c87f3e3d63c3a09c147907acb0d", size = 3662793, upload-time = "2026-03-30T08:51:11.094Z" },
    { url = "https://files.pythonhosted.org/packages/f3/40/cf2d9295a6bd593244ea703858f8fc2efd315046ca3ef7c6f9ebc5b810fa/grpcio_tools-1.80.0-cp312-cp312-musllinux_1_2_x86_64.whl", hash = "sha256:9c6abc08d3485b2aac99bb58afcd31dc6cd4316ce36cf263ff09cb6df15f287f", size = 3329149, upload-time = "2026-03-30T08:51:13.066Z" },
    { url = "https://files.pythonhosted.org/packages/0d/1d/fc34b32167966df20d69429b71dfca83c48434b047a5ac4fd6cd91ca4eed/grpcio_tools-1.80.0-cp312-cp312-win32.whl", hash = "sha256:18c51e07652ac7386fcdbd11866f8d55a795de073337c12447b5805575339f74", size = 997519, upload-time = "2026-03-30T08:51:14.87Z" },
    { url = "https://files.pythonhosted.org/packages/91/98/6d6563cdf51085b75f8ec24605c6f2ce84197571878ca8ab4af949c6be2d/grpcio_tools-1.80.0-cp312-cp312-win_amd64.whl", hash = "sha256:ac6fdd42d5bb18f0d903a067e2825be172deff70cf197164b6f65676cb506c9b", size = 1162407, upload-time = "2026-03-30T08:51:16.793Z" },
    { url = "https://files.pythonhosted.org/packages/44/d9/f7887a4805939e9a85d03744b66fc02575dc1df3c3e8b4d9ec000ee7a33d/grpcio_tools-1.80.0-cp313-cp313-linux_armv7l.whl", hash = "sha256:e7046837859bbfd10b01786056145480155c16b222c9e209215b68d3be13060e", size = 2550319, upload-time = "2026-03-30T08:51:19.117Z" },
    { url = "https://files.pythonhosted.org/packages/57/5a/c8a05b32bd7203f1b9f4c0151090a2d6179d6c97692d32f2066dc29c67a6/grpcio_tools-1.80.0-cp313-cp313-macosx_11_0_universal2.whl", hash = "sha256:a447f28958a8fe84ff0d9d3d9473868feb27ee4a9c9c805e66f5b670121cec59", size = 5709681, upload-time = "2026-03-30T08:51:21.991Z" },
    { url = "https://files.pythonhosted.org/packages/82/6b/794350ed645c12c310008f97068f6a6fd927150b0d0d08aad1d909e880b1/grpcio_tools-1.80.0-cp313-cp313-manylinux2014_aarch64.manylinux_2_17_aarch64.whl", hash = "sha256:75f00450e08fe648ad8a1eeb25bc52219679d54cdd02f04dfdddc747309d83f6", size = 2596820, upload-time = "2026-03-30T08:51:24.323Z" },
    { url = "https://files.pythonhosted.org/packages/f9/b2/b39e7b79f7c878135e0784a53cd7260ee77260c8c7f2c9e46bca8e05d017/grpcio_tools-1.80.0-cp313-cp313-manylinux2014_i686.manylinux_2_17_i686.whl", hash = "sha256:3db830eaff1f2c2797328f2fa86c9dcdbd7d81af573a68db81e27afa2182a611", size = 2909193, upload-time = "2026-03-30T08:51:27.025Z" },
    { url = "https://files.pythonhosted.org/packages/10/f3/abe089b058f87f9910c9a458409505cbeb0b3e1c2d993a79721d02ee6a32/grpcio_tools-1.80.0-cp313-cp313-manylinux2014_x86_64.manylinux_2_17_x86_64.whl", hash = "sha256:7982b5fe42f012686b667dda12916884de95c4b1c65ff64371fb7232a1474b23", size = 2660197, upload-time = "2026-03-30T08:51:29.392Z" },
    { url = "https://files.pythonhosted.org/packages/09/c3/3f7806ad8b731d8a89fe3c6ed496473abd1ef4c9c42c9e9a8836ce96e377/grpcio_tools-1.80.0-cp313-cp313-musllinux_1_2_aarch64.whl", hash = "sha256:6451b3f4eb52d12c7f32d04bf8e0185f80521f3f088ad04b8d222b3a4819c71e", size = 3113144, upload-time = "2026-03-30T08:51:31.671Z" },
    { url = "https://files.pythonhosted.org/packages/fe/f5/415ef205e0b7e75d2a2005df6120145c4f02fda28d7b3715b55d924fe1a4/grpcio_tools-1.80.0-cp313-cp313-musllinux_1_2_i686.whl", hash = "sha256:258bc30654a9a2236be4ca8e2ad443e2ac6db7c8cc20454d34cce60265922726", size = 3661897, upload-time = "2026-03-30T08:51:34.849Z" },
    { url = "https://files.pythonhosted.org/packages/e3/d3/2ad54764c2a9547080dd8518f4a4dc7899c7e6e747a1b1de542ce6a12066/grpcio_tools-1.80.0-cp313-cp313-musllinux_1_2_x86_64.whl", hash = "sha256:865a2b8e6334c838976ab02a322cbd55c863d2eaf3c1e1a0255883c63996772a", size = 3328786, upload-time = "2026-03-30T08:51:37.265Z" },
    { url = "https://files.pythonhosted.org/packages/eb/63/23ab7db01f9630ab4f3742a2fc9fbff38b0cfc30c976114f913950664a75/grpcio_tools-1.80.0-cp313-cp313-win32.whl", hash = "sha256:f760ac1722f33e774814c37b6aa0444143f612e85088ead7447a0e9cd306a1f1", size = 997087, upload-time = "2026-03-30T08:51:39.137Z" },
    { url = "https://files.pythonhosted.org/packages/9b/af/b1c1c4423fb49cb7c8e9d2c02196b038c44160b7028b425466743c6c81fa/grpcio_tools-1.80.0-cp313-cp313-win_amd64.whl", hash = "sha256:7843b9ac6ff8ca508424d0dd968bd9a1a4559967e4a290f26be5bd6f04af2234", size = 1162167, upload-time = "2026-03-30T08:51:41.498Z" },
    { url = "https://files.pythonhosted.org/packages/0e/44/7beeee2348f9f412804f5bf80b7d13b81d522bf926a338ae3da46b2213b7/grpcio_tools-1.80.0-cp314-cp314-linux_armv7l.whl", hash = "sha256:12f950470449dbeec78317dbc090add7a00eb6ca812af7b0538ab7441e0a42c3", size = 2550303, upload-time = "2026-03-30T08:51:44.373Z" },
    { url = "https://files.pythonhosted.org/packages/2d/aa/f77dd85409a1855f8c6319ffc69d81e8c3ffe122ee3a7136653e1991d8b6/grpcio_tools-1.80.0-cp314-cp314-macosx_11_0_universal2.whl", hash = "sha256:d3f9a376a29c9adf62bb56f7ff5bc81eb4abeaf53d1e7dde5015564832901a51", size = 5709778, upload-time = "2026-03-30T08:51:47.112Z" },
    { url = "https://files.pythonhosted.org/packages/9c/7c/ab7af4883ebdfdc228b853de89fed409703955e8d47285b321a5794856bd/grpcio_tools-1.80.0-cp314-cp314-manylinux2014_aarch64.manylinux_2_17_aarch64.whl", hash = "sha256:1ba1ffbf2cff71533615e2c5a138ed5569611eec9ae7f9c67b8898e127b54ac0", size = 2597928, upload-time = "2026-03-30T08:51:49.494Z" },
    { url = "https://files.pythonhosted.org/packages/22/e8/4381a963d472e3ab6690ba067ed2b1f1abf8518b10f402678bd2dcb79a54/grpcio_tools-1.80.0-cp314-cp314-manylinux2014_i686.manylinux_2_17_i686.whl", hash = "sha256:13f60f8d9397c514c6745a967d22b5c8c698347e88deebca1ff2e1b94555e450", size = 2909333, upload-time = "2026-03-30T08:51:52.124Z" },
    { url = "https://files.pythonhosted.org/packages/94/cb/356b5fdf79dd99455b425fb16302fe60995554ceb721afbf3cf770a19208/grpcio_tools-1.80.0-cp314-cp314-manylinux2014_x86_64.manylinux_2_17_x86_64.whl", hash = "sha256:88d77bad5dd3cd5e6f952c4ecdd0ee33e0c02ecfc2e4b0cbee3391ac19e0a431", size = 2660217, upload-time = "2026-03-30T08:51:55.066Z" },
    { url = "https://files.pythonhosted.org/packages/2b/d7/1752018cc2c36b2c5612051379e2e5f59f2dbe612de23e817d2f066a9487/grpcio_tools-1.80.0-cp314-cp314-musllinux_1_2_aarch64.whl", hash = "sha256:017945c3e98a4ed1c4e21399781b4137fc08dfc1f802c8ace2e64ef52d32b142", size = 3113896, upload-time = "2026-03-30T08:51:57.3Z" },
    { url = "https://files.pythonhosted.org/packages/cc/17/695bbe454f70df35c03e22b48c5314683b913d3e6ed35ec90d065418c1ab/grpcio_tools-1.80.0-cp314-cp314-musllinux_1_2_i686.whl", hash = "sha256:a33e265d4db803495007a6c623eafb0f6b9bb123ff4a0af89e44567dad809b88", size = 3661950, upload-time = "2026-03-30T08:51:59.867Z" },
    { url = "https://files.pythonhosted.org/packages/9c/d0/533d87629ec823c02c9169ee20228f734c264b209dcdf55268b5a14cde0a/grpcio_tools-1.80.0-cp314-cp314-musllinux_1_2_x86_64.whl", hash = "sha256:6c129da370c5f85f569be2e545317dda786a60dd51d7deea29b03b0c05f6aac3", size = 3328755, upload-time = "2026-03-30T08:52:02.942Z" },
    { url = "https://files.pythonhosted.org/packages/08/a1/504d7838770c73a9761e8a8ff4869dba1146b44f297ff0ac6641481942d3/grpcio_tools-1.80.0-cp314-cp314-win32.whl", hash = "sha256:25742de5958ae4325249a37e724e7c0e5120f8e302a24a977ebd1737b48a5e97", size = 1019620, upload-time = "2026-03-30T08:52:05.342Z" },
    { url = "https://files.pythonhosted.org/packages/f3/75/8b7cd281c5cdfb4ca2c308f7e9b2799bab2be6e7a9e9212ea5a82e2aecd4/grpcio_tools-1.80.0-cp314-cp314-win_amd64.whl", hash = "sha256:bbf8eeef78fda1966f732f79c1c802fadd5cfd203d845d2af4d314d18569069c", size = 1194210, upload-time = "2026-03-30T08:52:08.105Z" },
]

[[package]]
name = "numpy"
version = "2.4.6"
source = { registry = "https://pypi.org/simple" }
sdist = { url = "https://files.pythonhosted.org/packages/d0/ad/fed0499ce6a338d2a03ebae59cd15093910c8875328855781952abf6c2fe/numpy-2.4.6.tar.gz", hash = "sha256:f3a3570c4a2a16746ac2c31a7c7c7b0c186b95ce902e33db6f28094ed7387dda", size = 20735807, upload-time = "2026-05-18T23:37:14.07Z" }
wheels = [
    { url = "https://files.pythonhosted.org/packages/95/2a/3d7b5ac8aac24feaf9ad7ed58f45b0bbc06d37e4338ae84c9f2298b570f9/numpy-2.4.6-cp312-cp312-macosx_10_13_x86_64.whl", hash = "sha256:001fbb8e08d942dd57599e781f2472269ee7f2755fae407b4f67b2f0b17da3f1", size = 16689119, upload-time = "2026-05-18T23:33:54.065Z" },
    { url = "https://files.pythonhosted.org/packages/ea/12/92c4c131527599e8288d6918e888d88726f84d805d784b771f32408aeaef/numpy-2.4.6-cp312-cp312-macosx_11_0_arm64.whl", hash = "sha256:ebfb099f8dcf083deef3ac1ca4c1503f387cf76296fcb3816b66f5ecb5f54fdb", size = 14699246, upload-time = "2026-05-18T23:33:57.621Z" },
    { url = "https://files.pythonhosted.org/packages/ad/fe/c0a6b7b2ca128a8fb228575147073b660656734b8ebe4d76c8fd748dcc79/numpy-2.4.6-cp312-cp312-macosx_14_0_arm64.whl", hash = "sha256:3213d622a0283a39a93d188f3cf72b26862df52fbb4ca3697f51705016523d41", size = 5204410, upload-time = "2026-05-18T23:34:00.302Z" },
    { url = "https://files.pythonhosted.org/packages/f3/d4/9770d14ba719432bb90a421bfd443872ed0f70f7264b64bec12ea363d5fd/numpy-2.4.6-cp312-cp312-macosx_14_0_x86_64.whl", hash = "sha256:357cc07a6d7b0b182ff02249616a03742827ebb1277546b5c7cd7f7620a45698", size = 6551240, upload-time = "2026-05-18T23:34:02.852Z" },
    { url = "https://files.pythonhosted.org/packages/c9/c6/50a46a6205feba2343f1d6d17438107c5dc491ed1c736e6ea68689fd906b/numpy-2.4.6-cp312-cp312-manylinux_2_27_aarch64.manylinux_2_28_aarch64.whl", hash = "sha256:5f9fb9157b4ce2971008323afe46053787b526ef624fea915b261468a8421a0f", size = 15671012, upload-time = "2026-05-18T23:34:05.485Z" },
    { url = "https://files.pythonhosted.org/packages/99/60/14115e6364fa676c5397c2ad3004e527e9aa487abf5d0706ec81bbd08529/numpy-2.4.6-cp312-cp312-manylinux_2_27_x86_64.manylinux_2_28_x86_64.whl", hash = "sha256:90f9849678c75fe7afa2d348ac842c168b0a4d3d61919687216dfc547976d853", size = 16645538, upload-time = "2026-05-18T23:34:09.265Z" },
    { url = "https://files.pythonhosted.org/packages/ae/c5/693cbe59e57db94d2231fa519ca3978dc9e19da5a8f088588f5c6e947ff2/numpy-2.4.6-cp312-cp312-musllinux_1_2_aarch64.whl", hash = "sha256:c1a2af6c6ef86344a6b0db6b97834208bf598db514f2b155042439b62605601a", size = 17020706, upload-time = "2026-05-18T23:34:13.053Z" },
    { url = "https://files.pythonhosted.org/packages/ef/fc/85b7c4eff9b4966ade25c2273cf7e7012e92366c032058653934b37de044/numpy-2.4.6-cp312-cp312-musllinux_1_2_x86_64.whl", hash = "sha256:e5805d5a22fd19c8ccff10a9561f9df94436b0545619ea579db2d3c35294bce2", size = 18368541, upload-time = "2026-05-18T23:34:17.024Z" },
    { url = "https://files.pythonhosted.org/packages/f6/81/e1b27545deedce7f4a0b348618c6b62d74e36a4dc9ccd42f3eb2f85eee32/numpy-2.4.6-cp312-cp312-win32.whl", hash = "sha256:e3eeb0aabd6bd5ce64faae67e9935203a6991b4bc2a485a767fbafb2c5125f45", size = 5962825, upload-time = "2026-05-18T23:34:20.3Z" },
    { url = "https://files.pythonhosted.org/packages/ab/ca/feab00bd44aa5fe1ad2c18f08b4d3bb92e26484b0b1d1443897809ed528c/numpy-2.4.6-cp312-cp312-win_amd64.whl", hash = "sha256:d8e8286dd7cea7895157318d1b91cdacac64c479f3cbc8dce548331728484751", size = 12321687, upload-time = "2026-05-18T23:34:23.095Z" },
    { url = "https://files.pythonhosted.org/packages/63/cf/5a6d34850a39d1093558564f77ee8e8e0bee5061151b8f05a55711001ec7/numpy-2.4.6-cp312-cp312-win_arm64.whl", hash = "sha256:4081eb135ac24158bd51cdfbef16f1c64df7063b1143f24731387137c092bec8", size = 10221482, upload-time = "2026-05-18T23:34:25.876Z" },
    { url = "https://files.pythonhosted.org/packages/fb/82/bdab26d7438c6791ca31b7c024ca37c1eab8b726ba236129005cd4a06e45/numpy-2.4.6-cp313-cp313-macosx_10_13_x86_64.whl", hash = "sha256:511dbaf848decaaaf4b4ca48032619fb3138710c4bf7da7617765edad1ef96b0", size = 16684648, upload-time = "2026-05-18T23:34:29.41Z" },
    { url = "https://files.pythonhosted.org/packages/1b/30/a80189bcc7f5e4258b3fbc3968d909d1756f54d023299ecc39ad6fdb9ef8/numpy-2.4.6-cp313-cp313-macosx_11_0_arm64.whl", hash = "sha256:bf162abab1c1a736333192707cef898e735a5ca00f38f27eeedf44b39d9e85eb", size = 14693902, upload-time = "2026-05-18T23:34:33.013Z" },
    { url = "https://files.pythonhosted.org/packages/97/12/70b5d0d7c15e1ebb8a6a84a8caa1d19e181d84fb58bb6d70aca29099dec1/numpy-2.4.6-cp313-cp313-macosx_14_0_arm64.whl", hash = "sha256:043191bfa8eab18c776647b62723ac9dddece59743b13f49b2016094129c2b3f", size = 5198992, upload-time = "2026-05-18T23:34:36.132Z" },
    { url = "https://files.pythonhosted.org/packages/ba/8c/ebd2a8f8a83541f8d38cc5667e8c2b69cecfd30da6e45693e8158857d44b/numpy-2.4.6-cp313-cp313-macosx_14_0_x86_64.whl", hash = "sha256:6180d8b35af935aed8ece3a85e0a43f87393ae0ac87c8d2c8bd2c993f7270ef3", size = 6546944, upload-time = "2026-05-18T23:34:38.484Z" },
    { url = "https://files.pythonhosted.org/packages/bb/c5/7b863a97a91671a0338f4253bd3b5a3d3852f0692dae91711c9f4a10e787/numpy-2.4.6-cp313-cp313-manylinux_2_27_aarch64.manylinux_2_28_aarch64.whl", hash = "sha256:72fbe16c6fac95aedf5937fa873445cec2110be35d8a4e9433d7501fd98dae6b", size = 15669392, upload-time = "2026-05-18T23:34:41.257Z" },
    { url = "https://files.pythonhosted.org/packages/a5/9d/3584b9984ca4c047aea75214ce1a4c4c73d849bd71b604264b7f5653f8a8/numpy-2.4.6-cp313-cp313-manylinux_2_27_x86_64.manylinux_2_28_x86_64.whl", hash = "sha256:a7830bab239b79cda9c08c2da014761cafb48da6150e1da17ac06283f43b6089", size = 16633220, upload-time = "2026-05-18T23:34:45.075Z" },
    { url = "https://files.pythonhosted.org/packages/05/ae/7c67fba23bd98caec7c99261f3a16072ade14813486b0282cb29846de832/numpy-2.4.6-cp313-cp313-musllinux_1_2_aarch64.whl", hash = "sha256:ef4aea96ce4d3b074422cb4f2f64e216bf9e213004bb58ecfdf50ea02ea8eb9a", size = 17020800, upload-time = "2026-05-18T23:34:49.065Z" },
    { url = "https://files.pythonhosted.org/packages/d9/5d/3b6725cb31d983c5e66916f5d36f6d7e5521129e4c4404d64f918292a5b6/numpy-2.4.6-cp313-cp313-musllinux_1_2_x86_64.whl", hash = "sha256:dfa20cc6ca228e6b155b11da03825975ce66aea520985dbbddf0f2a5a495c605", size = 18357600, upload-time = "2026-05-18T23:34:52.709Z" },
    { url = "https://files.pythonhosted.org/packages/f7/da/2ccc6c2fe8898dee01d90c75c5f5f914a23daf99e3e0f59516a08760c8b5/numpy-2.4.6-cp313-cp313-win32.whl", hash = "sha256:56b39e5e0622a09a25bf5baf62f4bcf0cb8a41ae6e2819cf49bbc5a74c083f91", size = 5961134, upload-time = "2026-05-18T23:34:55.618Z" },
    { url = "https://files.pythonhosted.org/packages/b5/cd/9cc4dc876fb065d5c220aae4d5e14826b2715331bb7618ce1fb07a679d99/numpy-2.4.6-cp313-cp313-win_amd64.whl", hash = "sha256:c4fc99836233ea196540b17ab0983aff60ed07941751930f5f4d05bc3b3b7359", size = 12318598, upload-time = "2026-05-18T23:34:58.928Z" },
    { url = "https://files.pythonhosted.org/packages/39/1e/c0bcba1f8694116485fe28fd1be698c278fcda4141c5b0e53a2aed8b12a8/numpy-2.4.6-cp313-cp313-win_arm64.whl", hash = "sha256:a7c711e21628b52034bb5ab8d1bce291f752fcc5e92accc615778acee1ff4778", size = 10222272, upload-time = "2026-05-18T23:35:02.167Z" },
    { url = "https://files.pythonhosted.org/packages/63/6d/cc5619247c8f4204e507f5883528372e4ac4bb189e579fb859a12e480b1f/numpy-2.4.6-cp313-cp313t-macosx_11_0_arm64.whl", hash = "sha256:112b06a867b235ef466ed3508ddf0238050df9c727cafb5301ac385b899189a1", size = 14821197, upload-time = "2026-05-18T23:35:05.468Z" },
    { url = "https://files.pythonhosted.org/packages/00/58/f1c39161c87d9e9bed660f1ed4bafc0e403d5ec9650b6dd77aead07d489b/numpy-2.4.6-cp313-cp313t-macosx_14_0_arm64.whl", hash = "sha256:eaf7fa2de5c0be8ae6ff8e9bea2ccd725e980541244521d8d4b5f3354a27babe", size = 5326287, upload-time = "2026-05-18T23:35:08.693Z" },
    { url = "https://files.pythonhosted.org/packages/af/57/3917ab0fd97f271a8694513581b8a36c655f111c446852c302f04ccdb6fc/numpy-2.4.6-cp313-cp313t-macosx_14_0_x86_64.whl", hash = "sha256:7265a2f3d436e54ef9f2b52b5c937e6be778781bd97a590319d7348f1c1ca997", size = 6646763, upload-time = "2026-05-18T23:35:11.459Z" },
    { url = "https://files.pythonhosted.org/packages/eb/0f/037e64c494b67581ae18193d770adef354c41f3f2c8ebf865602d949bf8f/numpy-2.4.6-cp313-cp313t-manylinux_2_27_aarch64.manylinux_2_28_aarch64.whl", hash = "sha256:f74a575920ab21fe304421a3fc28793d82e299cae9eccb37084e9fc7f3617c20", size = 15728070, upload-time = "2026-05-18T23:35:14.79Z" },
    { url = "https://files.pythonhosted.org/packages/21/a6/5d2bae9c9542eb4df16dc9c46dc79c186e9bad53805dfa5399a6023c6db0/numpy-2.4.6-cp313-cp313t-manylinux_2_27_x86_64.manylinux_2_28_x86_64.whl", hash = "sha256:ede83e07a75dd06bc501566c1eca2afc0d61677c1472ac9ad93fdee6e638a48d", size = 16681752, upload-time = "2026-05-18T23:35:18.836Z" },
    { url = "https://files.pythonhosted.org/packages/92/14/23d1dfb410ae362cd59ce53e936b1513d545eb40db3949ced632e19a459e/numpy-2.4.6-cp313-cp313t-musllinux_1_2_aarch64.whl", hash = "sha256:68bb27509ac1b9a3443094260f6326150663b06abe40b73a2f81160623da5b67", size = 17086024, upload-time = "2026-05-18T23:35:22.52Z" },
    { url = "https://files.pythonhosted.org/packages/4b/6e/23595a2c642cdf3bc567877064bdd7f91c8b0038a4453cf2daf7248eafe9/numpy-2.4.6-cp313-cp313t-musllinux_1_2_x86_64.whl", hash = "sha256:a0df0043bdb289bde1f62da130d20df23d58b45429f752bc7a8fc5325a225ecd", size = 18403398, upload-time = "2026-05-18T23:35:26.398Z" },
    { url = "https://files.pythonhosted.org/packages/8a/90/0ac3bc947217e66dec77e7cbc6a1979d1af70b6461b82f620d3bccd5e4c8/numpy-2.4.6-cp313-cp313t-win32.whl", hash = "sha256:29a287e0cf63ff528da061de6b9f64a4618da591ca1046aafc54062e40ca7eab", size = 6084971, upload-time = "2026-05-18T23:35:29.387Z" },
    { url = "https://files.pythonhosted.org/packages/77/71/5673e351671a1d2bd6063b91b44f70c0affea7d1516fa7a6572941ba4aa1/numpy-2.4.6-cp313-cp313t-win_amd64.whl", hash = "sha256:25c692919ac5a01f170a3bfcd62d745b24fd095c353d50812637d6fcab442e75", size = 12458532, upload-time = "2026-05-18T23:35:32.175Z" },
    { url = "https://files.pythonhosted.org/packages/3f/88/19d3503c5046e688f049274b27a3ef3d771152fa80d3ba3d01a3dff61abe/numpy-2.4.6-cp313-cp313t-win_arm64.whl", hash = "sha256:1e978ec1e8bd0e0e4de6bb75de9d30cbb74db6b6a2bb727618613703ca0167dd", size = 10291881, upload-time = "2026-05-18T23:35:35.465Z" },
    { url = "https://files.pythonhosted.org/packages/f8/91/3ab2044d05fd16d343c5ac2e69b127f1b2854040dd20b193257c78028bd3/numpy-2.4.6-cp314-cp314-macosx_10_15_x86_64.whl", hash = "sha256:06ca2f61ec4385a07a6977c55ba998a4466c123642b4a32694d3128fce18c079", size = 16683458, upload-time = "2026-05-18T23:35:38.353Z" },
    { url = "https://files.pythonhosted.org/packages/8e/62/764ce66fa4147ae6d73071a3abf804ffe606f174618697c571acdf26a7c9/numpy-2.4.6-cp314-cp314-macosx_11_0_arm64.whl", hash = "sha256:38efbc8de75c7a0fc1ac190162d892787f3f47b57cc291231aafee36b80982b7", size = 14704559, upload-time = "2026-05-18T23:35:42.14Z" },
    { url = "https://files.pythonhosted.org/packages/60/61/23f27c172f022e04025b7dc2367f4d63c1a398120607ec896228649a6f48/numpy-2.4.6-cp314-cp314-macosx_14_0_arm64.whl", hash = "sha256:d581b735e177fdcdce6fed8e7e8880a3fb6ee4e3653a3ac6af01c6f4c03effc5", size = 5209716, upload-time = "2026-05-18T23:35:45.377Z" },
    { url = "https://files.pythonhosted.org/packages/03/71/21cf70dc6ea3e3acb95fc53a265b2fc248b981f0194ceb5b475271b8809d/numpy-2.4.6-cp314-cp314-macosx_14_0_x86_64.whl", hash = "sha256:0a041d3d761dc3c35cc56ce0351506a02bcbc25f7b169f652435141a17db9096", size = 6543947, upload-time = "2026-05-18T23:35:47.926Z" },
    { url = "https://files.pythonhosted.org/packages/d5/91/64288395ee1799bd2e0b04a305dce9666da90c961e1f3fe982a05ee1c036/numpy-2.4.6-cp314-cp314-manylinux_2_27_aarch64.manylinux_2_28_aarch64.whl", hash = "sha256:40fdc1ae7125e518ea98e53e69a4ebc27e1fd50510c47b7ea130cf21e5e1d42b", size = 15685197, upload-time = "2026-05-18T23:35:50.863Z" },
    { url = "https://files.pythonhosted.org/packages/f3/eb/ebffaa97dc55502df69584a8f0dcf07f69a3e0b3e2323670a2722db9aa39/numpy-2.4.6-cp314-cp314-manylinux_2_27_x86_64.manylinux_2_28_x86_64.whl", hash = "sha256:a2c306dea656c12c68f51f4cea133cbe78ca7435eb28c735eac1d3ebe73be6e8", size = 16638245, upload-time = "2026-05-18T23:35:54.752Z" },
    { url = "https://files.pythonhosted.org/packages/b8/0b/54f9da33128d7e350fab89c7455902eeae70349ee52bddb448dc4a576f45/numpy-2.4.6-cp314-cp314-musllinux_1_2_aarch64.whl", hash = "sha256:33111801a01c12a8a1e3721f0a9232f8cfc8ae2c6b7098167e6f623c6073f402", size = 17036587, upload-time = "2026-05-18T23:35:58.355Z" },
    { url = "https://files.pythonhosted.org/packages/b6/f0/fdebc1052db1cc37c64beb22072d67cd6d1c71adca1299f53dec2b5e20d3/numpy-2.4.6-cp314-cp314-musllinux_1_2_x86_64.whl", hash = "sha256:ae506e6902902557576a26ff33eda8695e7ecb3cb36c3b573a0765dee114ebdb", size = 18363226, upload-time = "2026-05-18T23:36:02.845Z" },
    { url = "https://files.pythonhosted.org/packages/aa/b4/298628d98c72b57e57f7165ae6a481a1deaf6f3c28262a6e4c739c275930/numpy-2.4.6-cp314-cp314-win32.whl", hash = "sha256:aaf159caa35993cb1f56fb9b8e4610d35758e7ca005412eb1daa856a78c9c4b1", size = 6010196, upload-time = "2026-05-18T23:36:05.92Z" },
    { url = "https://files.pythonhosted.org/packages/df/ac/46de6dda46478f7942f839e094970be2d4a861e005c4b3bf07c92e291a09/numpy-2.4.6-cp314-cp314-win_amd64.whl", hash = "sha256:b507f5c4c1d508876d1819b6bf9a49d365b96320b5d4993426b33a23ca4b8261", size = 12450334, upload-time = "2026-05-18T23:36:09.107Z" },
    { url = "https://files.pythonhosted.org/packages/78/92/b8b798ac784102c0da830d2257d59358e3d3d90d1e2b3f2575dad976c5cf/numpy-2.4.6-cp314-cp314-win_arm64.whl", hash = "sha256:6f41ae150c4e32db4f3310cdaf64b1593a03dbabe29eec77fc9b50fe64061df6", size = 10495678, upload-time = "2026-05-18T23:36:12.766Z" },
    { url = "https://files.pythonhosted.org/packages/30/34/ec28d1aa8115971537c01469ab2011ee96827930f0a124de1000cc2a7ed7/numpy-2.4.6-cp314-cp314t-macosx_11_0_arm64.whl", hash = "sha256:ece3d2cfe132e7d51f44a832b303895e6f2d499c5e74dfbdb06ee246147a304a", size = 14823672, upload-time = "2026-05-18T23:36:16.473Z" },
    { url = "https://files.pythonhosted.org/packages/16/bd/f6d1fede4e54e8042a7ff97bb495510f3c220f94bcd9e8b228e87c92cc0d/numpy-2.4.6-cp314-cp314t-macosx_14_0_arm64.whl", hash = "sha256:e3e5193ef5a3dc73bceee50f7fdc2c90dbb76c42df8d8fae3d1067a583df579e", size = 5328731, upload-time = "2026-05-18T23:36:19.767Z" },
    { url = "https://files.pythonhosted.org/packages/f4/f0/e105b9e2fd728a9910103884decd6951d9dd73896b914a98d9a231de02ee/numpy-2.4.6-cp314-cp314t-macosx_14_0_x86_64.whl", hash = "sha256:17f9ade344e7d9b464a084d69bcf18fc691cb1db67c62ed80820bf4926d78f0e", size = 6649805, upload-time = "2026-05-18T23:36:22.266Z" },
    { url = "https://files.pythonhosted.org/packages/82/dd/1206a7ca6ab15e3f02069707ca96222e202af681bb73756da7527f3cb837/numpy-2.4.6-cp314-cp314t-manylinux_2_27_aarch64.manylinux_2_28_aarch64.whl", hash = "sha256:9cd5ffd25db4e7ba6a375693b3fc0fc1791ec636c17db3720da19bde7180ec43", size = 15730496, upload-time = "2026-05-18T23:36:25.713Z" },
    { url = "https://files.pythonhosted.org/packages/51/e7/38d3ea825dcab85a591734decb2f6c67caa7c8367d374df1a1c3842f9b07/numpy-2.4.6-cp314-cp314t-manylinux_2_27_x86_64.manylinux_2_28_x86_64.whl", hash = "sha256:7d92c3819208a60205a12a245c91ad70cb0a85336659b19b834205573ac8456e", size = 16679616, upload-time = "2026-05-18T23:36:29.652Z" },
    { url = "https://files.pythonhosted.org/packages/93/b7/caabfdf53edf663e0b4eb74d7d405d83baef09eb5e83bcd32d601d72b93e/numpy-2.4.6-cp314-cp314t-musllinux_1_2_aarch64.whl", hash = "sha256:e85b752a1e912b70eaad4fafbd4d1238007ab221de2009b9a2f5ae7461239895", size = 17085145, upload-time = "2026-05-18T23:36:33.449Z" },
    { url = "https://files.pythonhosted.org/packages/f9/45/68d7c33a6bcf3e5aa3bdbd57a367e6f615286dfd6482f97e8ffeb734306e/numpy-2.4.6-cp314-cp314t-musllinux_1_2_x86_64.whl", hash = "sha256:29cb7f67d10b479ff07c17d33e39f78c07f71c40ef30d63c153d340e96cd3fb4", size = 18403813, upload-time = "2026-05-18T23:36:37.369Z" },
    { url = "https://files.pythonhosted.org/packages/9c/50/0753655aa844c99cd9e018aacf76f130f1bd81d881bb74bc0aef5d73a8ba/numpy-2.4.6-cp314-cp314t-win32.whl", hash = "sha256:260a5d70215b61ab4fadf5c7baacd64821842975eea312125ed3c39a6391b063", size = 6156982, upload-time = "2026-05-18T23:36:40.817Z" },
    { url = "https://files.pythonhosted.org/packages/b2/d4/7c67becf668f973cb490cec3e98dfd799d866f9c989a54d355672cfa0db6/numpy-2.4.6-cp314-cp314t-win_amd64.whl", hash = "sha256:81a1cca95ed5bb92aa8b10dd2cdc9a0d3853a50fad926c28b5d7e8ea54389627", size = 12638908, upload-time = "2026-05-18T23:36:43.996Z" },
    { url = "https://files.pythonhosted.org/packages/43/bb/e1c71a4295b1b1d1393d50dbb4f2a36283c6859d9d3892e84f00ec5a91d5/numpy-2.4.6-cp314-cp314t-win_arm64.whl", hash = "sha256:0c9136e14ed34a9e343a31c533d78a9813a69a3148332bce5e9821cb2f996e66", size = 10565867, upload-time = "2026-05-18T23:36:47.114Z" },
]

[[package]]
name = "protobuf"
version = "6.33.6"
source = { registry = "https://pypi.org/simple" }
sdist = { url = "https://files.pythonhosted.org/packages/66/70/e908e9c5e52ef7c3a6c7902c9dfbb34c7e29c25d2f81ade3856445fd5c94/protobuf-6.33.6.tar.gz", hash = "sha256:a6768d25248312c297558af96a9f9c929e8c4cee0659cb07e780731095f38135", size = 444531, upload-time = "2026-03-18T19:05:00.988Z" }
wheels = [
    { url = "https://files.pythonhosted.org/packages/fc/9f/2f509339e89cfa6f6a4c4ff50438db9ca488dec341f7e454adad60150b00/protobuf-6.33.6-cp310-abi3-win32.whl", hash = "sha256:7d29d9b65f8afef196f8334e80d6bc1d5d4adedb449971fefd3723824e6e77d3", size = 425739, upload-time = "2026-03-18T19:04:48.373Z" },
    { url = "https://files.pythonhosted.org/packages/76/5d/683efcd4798e0030c1bab27374fd13a89f7c2515fb1f3123efdfaa5eab57/protobuf-6.33.6-cp310-abi3-win_amd64.whl", hash = "sha256:0cd27b587afca21b7cfa59a74dcbd48a50f0a6400cfb59391340ad729d91d326", size = 437089, upload-time = "2026-03-18T19:04:50.381Z" },
    { url = "https://files.pythonhosted.org/packages/5c/01/a3c3ed5cd186f39e7880f8303cc51385a198a81469d53d0fdecf1f64d929/protobuf-6.33.6-cp39-abi3-macosx_10_9_universal2.whl", hash = "sha256:9720e6961b251bde64edfdab7d500725a2af5280f3f4c87e57c0208376aa8c3a", size = 427737, upload-time = "2026-03-18T19:04:51.866Z" },
    { url = "https://files.pythonhosted.org/packages/ee/90/b3c01fdec7d2f627b3a6884243ba328c1217ed2d978def5c12dc50d328a3/protobuf-6.33.6-cp39-abi3-manylinux2014_aarch64.whl", hash = "sha256:e2afbae9b8e1825e3529f88d514754e094278bb95eadc0e199751cdd9a2e82a2", size = 324610, upload-time = "2026-03-18T19:04:53.096Z" },
    { url = "https://files.pythonhosted.org/packages/9b/ca/25afc144934014700c52e05103c2421997482d561f3101ff352e1292fb81/protobuf-6.33.6-cp39-abi3-manylinux2014_s390x.whl", hash = "sha256:c96c37eec15086b79762ed265d59ab204dabc53056e3443e702d2681f4b39ce3", size = 339381, upload-time = "2026-03-18T19:04:54.616Z" },
    { url = "https://files.pythonhosted.org/packages/16/92/d1e32e3e0d894fe00b15ce28ad4944ab692713f2e7f0a99787405e43533a/protobuf-6.33.6-cp39-abi3-manylinux2014_x86_64.whl", hash = "sha256:e9db7e292e0ab79dd108d7f1a94fe31601ce1ee3f7b79e0692043423020b0593", size = 323436, upload-time = "2026-03-18T19:04:55.768Z" },
    { url = "https://files.pythonhosted.org/packages/c4/72/02445137af02769918a93807b2b7890047c32bfb9f90371cbc12688819eb/protobuf-6.33.6-py3-none-any.whl", hash = "sha256:77179e006c476e69bf8e8ce866640091ec42e1beb80b213c3900006ecfba6901", size = 170656, upload-time = "2026-03-18T19:04:59.826Z" },
]

[[package]]
name = "pybind11"
version = "3.0.4"
source = { registry = "https://pypi.org/simple" }
sdist = { url = "https://files.pythonhosted.org/packages/cc/f0/35145a3c3baffeef55d4b8324caa33abaa8fa56ab345ecd4b2211d09163e/pybind11-3.0.4.tar.gz", hash = "sha256:3286b59c8a774b9ee650169302dd5a4eedc30a8617905a0560dd8ee44775130c", size = 589533, upload-time = "2026-04-19T03:08:15.925Z" }
wheels = [
    { url = "https://files.pythonhosted.org/packages/b3/06/c3a23c9a0263b136c519f033a58d4641e73065fefc7754e9667ec206d992/pybind11-3.0.4-py3-none-any.whl", hash = "sha256:961720ee652da51d531b7b2451a6bd2bc042b0106e6d9baa48ecb7d58034ce63", size = 314166, upload-time = "2026-04-19T03:08:14.091Z" },
]

[[package]]
name = "setuptools"
version = "82.0.1"
source = { registry = "https://pypi.org/simple" }
sdist = { url = "https://files.pythonhosted.org/packages/4f/db/cfac1baf10650ab4d1c111714410d2fbb77ac5a616db26775db562c8fab2/setuptools-82.0.1.tar.gz", hash = "sha256:7d872682c5d01cfde07da7bccc7b65469d3dca203318515ada1de5eda35efbf9", size = 1152316, upload-time = "2026-03-09T12:47:17.221Z" }
wheels = [
    { url = "https://files.pythonhosted.org/packages/9d/76/f789f7a86709c6b087c5a2f52f911838cad707cc613162401badc665acfe/setuptools-82.0.1-py3-none-any.whl", hash = "sha256:a59e362652f08dcd477c78bb6e7bd9d80a7995bc73ce773050228a348ce2e5bb", size = 1006223, upload-time = "2026-03-09T12:47:15.026Z" },
]

[[package]]
name = "typing-extensions"
version = "4.15.0"
source = { registry = "https://pypi.org/simple" }
sdist = { url = "https://files.pythonhosted.org/packages/72/94/1a15dd82efb362ac84269196e94cf00f187f7ed21c242792a923cdb1c61f/typing_extensions-4.15.0.tar.gz", hash = "sha256:0cea48d173cc12fa28ecabc3b837ea3cf6f38c6d1136f85cbaaf598984861466", size = 109391, upload-time = "2025-08-25T13:49:26.313Z" }
wheels = [
    { url = "https://files.pythonhosted.org/packages/18/67/36e9267722cc04a6b9f15c7f3441c2363321a3ea07da7ae0c0707beb2a9c/typing_extensions-4.15.0-py3-none-any.whl", hash = "sha256:f0fa19c6845758ab08074a0cfa8b7aecb71c999ca73d62883bc25cc018c4e548", size = 44614, upload-time = "2025-08-25T13:49:24.86Z" },
]

[[package]]
name = "unbarableaienvironment"
version = "0.1.0"
source = { editable = "." }
dependencies = [
    { name = "grpcio" },
    { name = "grpcio-tools" },
    { name = "numpy" },
    { name = "pybind11" },
]

[package.metadata]
requires-dist = [
    { name = "grpcio", specifier = ">=1.80.0" },
    { name = "grpcio-tools", specifier = ">=1.80.0" },
    { name = "numpy" },
    { name = "pybind11", specifier = ">=3.0.4" },
]
